
Microsoft Visual Studio Solution File, Format Version 12.00
# Visual Studio Version 17
VisualStudioVersion = 17.1.31911.260
MinimumVisualStudioVersion = 10.0.40219.1
Project("{9A19103F-16F7-4668-BE54-9A1E7A4F7556}") = "Preceda.HealthCheck.Import", "Preceda.HealthCheck.Import\Preceda.HealthCheck.Import.csproj", "{DC0F7BDE-1433-422F-8D45-D7479E1B60BB}"
EndProject
Project("{9A19103F-16F7-4668-BE54-9A1E7A4F7556}") = "Preceda.HealthCheck", "Preceda.HealthCheck\Preceda.HealthCheck.csproj", "{96647F61-F7BB-4862-83D6-DD4138CF94F1}"
EndProject
Project("{FAE04EC0-301F-11D3-BF4B-00C04F79EFBC}") = "Preceda.SystemUsage.Import", "Preceda.SystemUsage.Import\Preceda.SystemUsage.Import.csproj", "{DCC8D9B0-59E3-471B-AA53-26A262723EDB}"
EndProject
Project("{FAE04EC0-301F-11D3-BF4B-00C04F79EFBC}") = "Preceda.HealthCheck.DataLayer", "Preceda.HealthCheck.DataLayer\Preceda.HealthCheck.DataLayer.csproj", "{FBC55156-9B03-40BB-95A1-4B8999F1395D}"
EndProject
Global
	GlobalSection(SolutionConfigurationPlatforms) = preSolution
		Debug|Any CPU = Debug|Any CPU
		Release|Any CPU = Release|Any CPU
	EndGlobalSection
	GlobalSection(ProjectConfigurationPlatforms) = postSolution
		{DC0F7BDE-1433-422F-8D45-D7479E1B60BB}.Debug|Any CPU.ActiveCfg = Debug|Any CPU
		{DC0F7BDE-1433-422F-8D45-D7479E1B60BB}.Debug|Any CPU.Build.0 = Debug|Any CPU
		{DC0F7BDE-1433-422F-8D45-D7479E1B60BB}.Release|Any CPU.ActiveCfg = Release|Any CPU
		{DC0F7BDE-1433-422F-8D45-D7479E1B60BB}.Release|Any CPU.Build.0 = Release|Any CPU
		{96647F61-F7BB-4862-83D6-DD4138CF94F1}.Debug|Any CPU.ActiveCfg = Debug|Any CPU
		{96647F61-F7BB-4862-83D6-DD4138CF94F1}.Debug|Any CPU.Build.0 = Debug|Any CPU
		{96647F61-F7BB-4862-83D6-DD4138CF94F1}.Release|Any CPU.ActiveCfg = Release|Any CPU
		{96647F61-F7BB-4862-83D6-DD4138CF94F1}.Release|Any CPU.Build.0 = Release|Any CPU
		{DCC8D9B0-59E3-471B-AA53-26A262723EDB}.Debug|Any CPU.ActiveCfg = Debug|Any CPU
		{DCC8D9B0-59E3-471B-AA53-26A262723EDB}.Debug|Any CPU.Build.0 = Debug|Any CPU
		{DCC8D9B0-59E3-471B-AA53-26A262723EDB}.Release|Any CPU.ActiveCfg = Release|Any CPU
		{DCC8D9B0-59E3-471B-AA53-26A262723EDB}.Release|Any CPU.Build.0 = Release|Any CPU
		{FBC55156-9B03-40BB-95A1-4B8999F1395D}.Debug|Any CPU.ActiveCfg = Debug|Any CPU
		{FBC55156-9B03-40BB-95A1-4B8999F1395D}.Debug|Any CPU.Build.0 = Debug|Any CPU
		{FBC55156-9B03-40BB-95A1-4B8999F1395D}.Release|Any CPU.ActiveCfg = Release|Any CPU
		{FBC55156-9B03-40BB-95A1-4B8999F1395D}.Release|Any CPU.Build.0 = Release|Any CPU
	EndGlobalSection
	GlobalSection(SolutionProperties) = preSolution
		HideSolutionNode = FALSE
	EndGlobalSection
	GlobalSection(ExtensibilityGlobals) = postSolution
		SolutionGuid = {5EB7592B-F5E7-476E-9E52-1406E5EAA58F}
	EndGlobalSection
EndGlobal
